# THIS IS AN AUTOGENERATED FILE. DO NOT EDIT THIS FILE DIRECTLY.
# yarn lockfile v1


oulik@^0.0.24:
  version "0.0.24"
  resolved "https://registry.yarnpkg.com/oulik/-/oulik-0.0.24.tgz#0695ed21a71ab2e86054a93c24e04a7178c71e59"
  integrity sha512-YoajeydlYnQOOnRLjEEm3WcN+SUx+qq1HqygI817btbKCpUgQ9S5jHPFR1Y/n2Ud7iANARJcNBbdK1w3xeGRig==

tslib@^1.10.0:
  version "1.13.0"
  resolved "https://registry.yarnpkg.com/tslib/-/tslib-1.13.0.tgz#c881e13cc7015894ed914862d276436fa9a47043"
  integrity sha512-i/6DQjL8Xf3be4K/E6Wgpekn5Qasl1usyw++dAA35Ue5orEn65VIxOA+YvNNl9HV3qv70T7CNwjODHZrLwvd1Q==
