# THIS IS AN AUTOGENERATED FILE. DO NOT EDIT THIS FILE DIRECTLY.
# yarn lockfile v1


oulik@^0.0.6:
  version "0.0.6"
  resolved "https://registry.yarnpkg.com/oulik/-/oulik-0.0.6.tgz#9652bfc45c9592b4be08b7c30aef2dc33fca0828"
  integrity sha512-MCWhaIKa0Podyy2Lii97pTEewn3zU1dbIgVKHa9GKp10YnfjsPh59AR72oonEcJwpyNVzZbWeM/z0kdX6ojzyw==

tslib@^1.10.0:
  version "1.13.0"
  resolved "https://registry.yarnpkg.com/tslib/-/tslib-1.13.0.tgz#c881e13cc7015894ed914862d276436fa9a47043"
  integrity sha512-i/6DQjL8Xf3be4K/E6Wgpekn5Qasl1usyw++dAA35Ue5orEn65VIxOA+YvNNl9HV3qv70T7CNwjODHZrLwvd1Q==
