# THIS IS AN AUTOGENERATED FILE. DO NOT EDIT THIS FILE DIRECTLY.
# yarn lockfile v1


oulik@^0.0.16:
  version "0.0.16"
  resolved "https://registry.yarnpkg.com/oulik/-/oulik-0.0.16.tgz#c92f457a9c67b390baeebc7e4b00bb9ec463942e"
  integrity sha512-HLuK2GbPKpHEUPpMFIEidYxnQZsxb8y15Hv+JYBCMgsMdBtrbt2Z2UvtH1jwBwgLX/MdcICpmM9CXLFz5ER9Zw==

tslib@^1.10.0:
  version "1.13.0"
  resolved "https://registry.yarnpkg.com/tslib/-/tslib-1.13.0.tgz#c881e13cc7015894ed914862d276436fa9a47043"
  integrity sha512-i/6DQjL8Xf3be4K/E6Wgpekn5Qasl1usyw++dAA35Ue5orEn65VIxOA+YvNNl9HV3qv70T7CNwjODHZrLwvd1Q==
